// !$*UTF8*$!
{
	archiveVersion = 1;
	classes = {
	};
	objectVersion = 46;
	objects = {

/* Begin PBXBuildFile section */
		3B48F26CA44A32BD26784AD5 /* Pods_YjiChatBubble.framework in Frameworks */ = {isa = PBXBuildFile; fileRef = 3F2C1C263809A6B093C30F63 /* Pods_YjiChatBubble.framework */; };
		DBA36EFE1F34591C009D8919 /* AppDelegate.swift in Sources */ = {isa = PBXBuildFile; fileRef = DBA36EFD1F34591C009D8919 /* AppDelegate.swift */; };
		DBA36F001F34591C009D8919 /* ViewController.swift in Sources */ = {isa = PBXBuildFile; fileRef = DBA36EFF1F34591C009D8919 /* ViewController.swift */; };
		DBA36F031F34591C009D8919 /* Main.storyboard in Resources */ = {isa = PBXBuildFile; fileRef = DBA36F011F34591C009D8919 /* Main.storyboard */; };
		DBA36F051F34591C009D8919 /* Assets.xcassets in Resources */ = {isa = PBXBuildFile; fileRef = DBA36F041F34591C009D8919 /* Assets.xcassets */; };
		DBA36F081F34591C009D8919 /* LaunchScreen.storyboard in Resources */ = {isa = PBXBuildFile; fileRef = DBA36F061F34591C009D8919 /* LaunchScreen.storyboard */; };
		DBA36F121F345948009D8919 /* SwiftExampleViewController.swift in Sources */ = {isa = PBXBuildFile; fileRef = DBA36F101F345948009D8919 /* SwiftExampleViewController.swift */; };
		DBA36F161F346421009D8919 /* YjiChatMessage.swift in Sources */ = {isa = PBXBuildFile; fileRef = DBA36F151F346421009D8919 /* YjiChatMessage.swift */; };
		DBA36F181F347031009D8919 /* YjiChatMessageCell.swift in Sources */ = {isa = PBXBuildFile; fileRef = DBA36F171F347031009D8919 /* YjiChatMessageCell.swift */; };
		DBA36F1A1F3473C4009D8919 /* YjiChatController.swift in Sources */ = {isa = PBXBuildFile; fileRef = DBA36F191F3473C4009D8919 /* YjiChatController.swift */; };
		DBA36F1C1F347588009D8919 /* YjiChatInput.swift in Sources */ = {isa = PBXBuildFile; fileRef = DBA36F1B1F347588009D8919 /* YjiChatInput.swift */; };
		DBA36F1E1F347641009D8919 /* YjiStretchyTextView.swift in Sources */ = {isa = PBXBuildFile; fileRef = DBA36F1D1F347641009D8919 /* YjiStretchyTextView.swift */; };
/* End PBXBuildFile section */

/* Begin PBXFileReference section */
		3F2C1C263809A6B093C30F63 /* Pods_YjiChatBubble.framework */ = {isa = PBXFileReference; explicitFileType = wrapper.framework; includeInIndex = 0; path = Pods_YjiChatBubble.framework; sourceTree = BUILT_PRODUCTS_DIR; };
		86F0CD89B11AAD44935FDBF8 /* Pods-YjiChatBubble.release.xcconfig */ = {isa = PBXFileReference; includeInIndex = 1; lastKnownFileType = text.xcconfig; name = "Pods-YjiChatBubble.release.xcconfig"; path = "Pods/Target Support Files/Pods-YjiChatBubble/Pods-YjiChatBubble.release.xcconfig"; sourceTree = "<group>"; };
		A29EA0646476AC5824FC723B /* Pods-YjiChatBubble.debug.xcconfig */ = {isa = PBXFileReference; includeInIndex = 1; lastKnownFileType = text.xcconfig; name = "Pods-YjiChatBubble.debug.xcconfig"; path = "Pods/Target Support Files/Pods-YjiChatBubble/Pods-YjiChatBubble.debug.xcconfig"; sourceTree = "<group>"; };
		DBA36EFA1F34591C009D8919 /* YjiChatBubble.app */ = {isa = PBXFileReference; explicitFileType = wrapper.application; includeInIndex = 0; path = YjiChatBubble.app; sourceTree = BUILT_PRODUCTS_DIR; };
		DBA36EFD1F34591C009D8919 /* AppDelegate.swift */ = {isa = PBXFileReference; lastKnownFileType = sourcecode.swift; path = AppDelegate.swift; sourceTree = "<group>"; };
		DBA36EFF1F34591C009D8919 /* ViewController.swift */ = {isa = PBXFileReference; lastKnownFileType = sourcecode.swift; path = ViewController.swift; sourceTree = "<group>"; };
		DBA36F021F34591C009D8919 /* Base */ = {isa = PBXFileReference; lastKnownFileType = file.storyboard; name = Base; path = Base.lproj/Main.storyboard; sourceTree = "<group>"; };
		DBA36F041F34591C009D8919 /* Assets.xcassets */ = {isa = PBXFileReference; lastKnownFileType = folder.assetcatalog; path = Assets.xcassets; sourceTree = "<group>"; };
		DBA36F071F34591C009D8919 /* Base */ = {isa = PBXFileReference; lastKnownFileType = file.storyboard; name = Base; path = Base.lproj/LaunchScreen.storyboard; sourceTree = "<group>"; };
		DBA36F091F34591C009D8919 /* Info.plist */ = {isa = PBXFileReference; lastKnownFileType = text.plist.xml; path = Info.plist; sourceTree = "<group>"; };
		DBA36F101F345948009D8919 /* SwiftExampleViewController.swift */ = {isa = PBXFileReference; fileEncoding = 4; lastKnownFileType = sourcecode.swift; path = SwiftExampleViewController.swift; sourceTree = "<group>"; };
		DBA36F151F346421009D8919 /* YjiChatMessage.swift */ = {isa = PBXFileReference; fileEncoding = 4; lastKnownFileType = sourcecode.swift; path = YjiChatMessage.swift; sourceTree = "<group>"; };
		DBA36F171F347031009D8919 /* YjiChatMessageCell.swift */ = {isa = PBXFileReference; fileEncoding = 4; lastKnownFileType = sourcecode.swift; path = YjiChatMessageCell.swift; sourceTree = "<group>"; };
		DBA36F191F3473C4009D8919 /* YjiChatController.swift */ = {isa = PBXFileReference; fileEncoding = 4; lastKnownFileType = sourcecode.swift; path = YjiChatController.swift; sourceTree = "<group>"; };
		DBA36F1B1F347588009D8919 /* YjiChatInput.swift */ = {isa = PBXFileReference; fileEncoding = 4; lastKnownFileType = sourcecode.swift; path = YjiChatInput.swift; sourceTree = "<group>"; };
		DBA36F1D1F347641009D8919 /* YjiStretchyTextView.swift */ = {isa = PBXFileReference; fileEncoding = 4; lastKnownFileType = sourcecode.swift; path = YjiStretchyTextView.swift; sourceTree = "<group>"; };
/* End PBXFileReference section */

/* Begin PBXFrameworksBuildPhase section */
		DBA36EF71F34591C009D8919 /* Frameworks */ = {
			isa = PBXFrameworksBuildPhase;
			buildActionMask = 2147483647;
			files = (
				3B48F26CA44A32BD26784AD5 /* Pods_YjiChatBubble.framework in Frameworks */,
			);
			runOnlyForDeploymentPostprocessing = 0;
		};
/* End PBXFrameworksBuildPhase section */

/* Begin PBXGroup section */
		386A9316226F25D808E068BD /* Frameworks */ = {
			isa = PBXGroup;
			children = (
				3F2C1C263809A6B093C30F63 /* Pods_YjiChatBubble.framework */,
			);
			name = Frameworks;
			sourceTree = "<group>";
		};
		DBA36EF11F34591C009D8919 = {
			isa = PBXGroup;
			children = (
				DBA36EFC1F34591C009D8919 /* YjiChatBubble */,
				DBA36EFB1F34591C009D8919 /* Products */,
				FDE16E3B41516E282E9D3990 /* Pods */,
				386A9316226F25D808E068BD /* Frameworks */,
			);
			sourceTree = "<group>";
		};
		DBA36EFB1F34591C009D8919 /* Products */ = {
			isa = PBXGroup;
			children = (
				DBA36EFA1F34591C009D8919 /* YjiChatBubble.app */,
			);
			name = Products;
			sourceTree = "<group>";
		};
		DBA36EFC1F34591C009D8919 /* YjiChatBubble */ = {
			isa = PBXGroup;
			children = (
				DBA36F141F34640D009D8919 /* ChatBubble */,
				DBA36F101F345948009D8919 /* SwiftExampleViewController.swift */,
				DBA36EFD1F34591C009D8919 /* AppDelegate.swift */,
				DBA36EFF1F34591C009D8919 /* ViewController.swift */,
				DBA36F011F34591C009D8919 /* Main.storyboard */,
				DBA36F041F34591C009D8919 /* Assets.xcassets */,
				DBA36F061F34591C009D8919 /* LaunchScreen.storyboard */,
				DBA36F091F34591C009D8919 /* Info.plist */,
			);
			path = YjiChatBubble;
			sourceTree = "<group>";
		};
		DBA36F141F34640D009D8919 /* ChatBubble */ = {
			isa = PBXGroup;
			children = (
				DBA36F151F346421009D8919 /* YjiChatMessage.swift */,
				DBA36F171F347031009D8919 /* YjiChatMessageCell.swift */,
				DBA36F191F3473C4009D8919 /* YjiChatController.swift */,
				DBA36F1B1F347588009D8919 /* YjiChatInput.swift */,
				DBA36F1D1F347641009D8919 /* YjiStretchyTextView.swift */,
			);
			path = ChatBubble;
			sourceTree = "<group>";
		};
		FDE16E3B41516E282E9D3990 /* Pods */ = {
			isa = PBXGroup;
			children = (
				A29EA0646476AC5824FC723B /* Pods-YjiChatBubble.debug.xcconfig */,
				86F0CD89B11AAD44935FDBF8 /* Pods-YjiChatBubble.release.xcconfig */,
			);
			name = Pods;
			sourceTree = "<group>";
		};
/* End PBXGroup section */

/* Begin PBXNativeTarget section */
		DBA36EF91F34591C009D8919 /* YjiChatBubble */ = {
			isa = PBXNativeTarget;
			buildConfigurationList = DBA36F0C1F34591C009D8919 /* Build configuration list for PBXNativeTarget "YjiChatBubble" */;
			buildPhases = (
				A811401F03E5BED9DC92AE65 /* [CP] Check Pods Manifest.lock */,
				DBA36EF61F34591C009D8919 /* Sources */,
				DBA36EF71F34591C009D8919 /* Frameworks */,
				DBA36EF81F34591C009D8919 /* Resources */,
				EF577AA02CA8BAD9A58C209B /* [CP] Embed Pods Frameworks */,
				A63CA6513D2C0C364FDCB8C9 /* [CP] Copy Pods Resources */,
			);
			buildRules = (
			);
			dependencies = (
			);
			name = YjiChatBubble;
			productName = YjiChatBubble;
			productReference = DBA36EFA1F34591C009D8919 /* YjiChatBubble.app */;
			productType = "com.apple.product-type.application";
		};
/* End PBXNativeTarget section */

/* Begin PBXProject section */
		DBA36EF21F34591C009D8919 /* Project object */ = {
			isa = PBXProject;
			attributes = {
				LastSwiftUpdateCheck = 0830;
				LastUpgradeCheck = 0830;
				ORGANIZATIONNAME = Ericji;
				TargetAttributes = {
					DBA36EF91F34591C009D8919 = {
						CreatedOnToolsVersion = 8.3.3;
						DevelopmentTeam = FB7WTB4847;
						ProvisioningStyle = Automatic;
					};
				};
			};
			buildConfigurationList = DBA36EF51F34591C009D8919 /* Build configuration list for PBXProject "YjiChatBubble" */;
			compatibilityVersion = "Xcode 3.2";
			developmentRegion = English;
			hasScannedForEncodings = 0;
			knownRegions = (
				en,
				Base,
			);
			mainGroup = DBA36EF11F34591C009D8919;
			productRefGroup = DBA36EFB1F34591C009D8919 /* Products */;
			projectDirPath = "";
			projectRoot = "";
			targets = (
				DBA36EF91F34591C009D8919 /* YjiChatBubble */,
			);
		};
/* End PBXProject section */

/* Begin PBXResourcesBuildPhase section */
		DBA36EF81F34591C009D8919 /* Resources */ = {
			isa = PBXResourcesBuildPhase;
			buildActionMask = 2147483647;
			files = (
				DBA36F081F34591C009D8919 /* LaunchScreen.storyboard in Resources */,
				DBA36F051F34591C009D8919 /* Assets.xcassets in Resources */,
				DBA36F031F34591C009D8919 /* Main.storyboard in Resources */,
			);
			runOnlyForDeploymentPostprocessing = 0;
		};
/* End PBXResourcesBuildPhase section */

/* Begin PBXShellScriptBuildPhase section */
		A63CA6513D2C0C364FDCB8C9 /* [CP] Copy Pods Resources */ = {
			isa = PBXShellScriptBuildPhase;
			buildActionMask = 2147483647;
			files = (
			);
			inputPaths = (
			);
			name = "[CP] Copy Pods Resources";
			outputPaths = (
			);
			runOnlyForDeploymentPostprocessing = 0;
			shellPath = /bin/sh;
			shellScript = "\"${SRCROOT}/Pods/Target Support Files/Pods-YjiChatBubble/Pods-YjiChatBubble-resources.sh\"\n";
			showEnvVarsInLog = 0;
		};
		A811401F03E5BED9DC92AE65 /* [CP] Check Pods Manifest.lock */ = {
			isa = PBXShellScriptBuildPhase;
			buildActionMask = 2147483647;
			files = (
			);
			inputPaths = (
			);
			name = "[CP] Check Pods Manifest.lock";
			outputPaths = (
			);
			runOnlyForDeploymentPostprocessing = 0;
			shellPath = /bin/sh;
			shellScript = "diff \"${PODS_ROOT}/../Podfile.lock\" \"${PODS_ROOT}/Manifest.lock\" > /dev/null\nif [ $? != 0 ] ; then\n    # print error to STDERR\n    echo \"error: The sandbox is not in sync with the Podfile.lock. Run 'pod install' or update your CocoaPods installation.\" >&2\n    exit 1\nfi\n";
			showEnvVarsInLog = 0;
		};
		EF577AA02CA8BAD9A58C209B /* [CP] Embed Pods Frameworks */ = {
			isa = PBXShellScriptBuildPhase;
			buildActionMask = 2147483647;
			files = (
			);
			inputPaths = (
			);
			name = "[CP] Embed Pods Frameworks";
			outputPaths = (
			);
			runOnlyForDeploymentPostprocessing = 0;
			shellPath = /bin/sh;
			shellScript = "\"${SRCROOT}/Pods/Target Support Files/Pods-YjiChatBubble/Pods-YjiChatBubble-frameworks.sh\"\n";
			showEnvVarsInLog = 0;
		};
/* End PBXShellScriptBuildPhase section */

/* Begin PBXSourcesBuildPhase section */
		DBA36EF61F34591C009D8919 /* Sources */ = {
			isa = PBXSourcesBuildPhase;
			buildActionMask = 2147483647;
			files = (
				DBA36F001F34591C009D8919 /* ViewController.swift in Sources */,
				DBA36F1A1F3473C4009D8919 /* YjiChatController.swift in Sources */,
				DBA36F1E1F347641009D8919 /* YjiStretchyTextView.swift in Sources */,
				DBA36F121F345948009D8919 /* SwiftExampleViewController.swift in Sources */,
				DBA36F161F346421009D8919 /* YjiChatMessage.swift in Sources */,
				DBA36F181F347031009D8919 /* YjiChatMessageCell.swift in Sources */,
				DBA36EFE1F34591C009D8919 /* AppDelegate.swift in Sources */,
				DBA36F1C1F347588009D8919 /* YjiChatInput.swift in Sources */,
			);
			runOnlyForDeploymentPostprocessing = 0;
		};
/* End PBXSourcesBuildPhase section */

/* Begin PBXVariantGroup section */
		DBA36F011F34591C009D8919 /* Main.storyboard */ = {
			isa = PBXVariantGroup;
			children = (
				DBA36F021F34591C009D8919 /* Base */,
			);
			name = Main.storyboard;
			sourceTree = "<group>";
		};
		DBA36F061F34591C009D8919 /* LaunchScreen.storyboard */ = {
			isa = PBXVariantGroup;
			children = (
				DBA36F071F34591C009D8919 /* Base */,
			);
			name = LaunchScreen.storyboard;
			sourceTree = "<group>";
		};
/* End PBXVariantGroup section */

/* Begin XCBuildConfiguration section */
		DBA36F0A1F34591C009D8919 /* Debug */ = {
			isa = XCBuildConfiguration;
			buildSettings = {
				ALWAYS_SEARCH_USER_PATHS = NO;
				CLANG_ANALYZER_NONNULL = YES;
				CLANG_ANALYZER_NUMBER_OBJECT_CONVERSION = YES_AGGRESSIVE;
				CLANG_CXX_LANGUAGE_STANDARD = "gnu++0x";
				CLANG_CXX_LIBRARY = "libc++";
				CLANG_ENABLE_MODULES = YES;
				CLANG_ENABLE_OBJC_ARC = YES;
				CLANG_WARN_BOOL_CONVERSION = YES;
				CLANG_WARN_CONSTANT_CONVERSION = YES;
				CLANG_WARN_DIRECT_OBJC_ISA_USAGE = YES_ERROR;
				CLANG_WARN_DOCUMENTATION_COMMENTS = YES;
				CLANG_WARN_EMPTY_BODY = YES;
				CLANG_WARN_ENUM_CONVERSION = YES;
				CLANG_WARN_INFINITE_RECURSION = YES;
				CLANG_WARN_INT_CONVERSION = YES;
				CLANG_WARN_OBJC_ROOT_CLASS = YES_ERROR;
				CLANG_WARN_SUSPICIOUS_MOVE = YES;
				CLANG_WARN_UNREACHABLE_CODE = YES;
				CLANG_WARN__DUPLICATE_METHOD_MATCH = YES;
				"CODE_SIGN_IDENTITY[sdk=iphoneos*]" = "iPhone Developer";
				COPY_PHASE_STRIP = NO;
				DEBUG_INFORMATION_FORMAT = dwarf;
				ENABLE_STRICT_OBJC_MSGSEND = YES;
				ENABLE_TESTABILITY = YES;
				GCC_C_LANGUAGE_STANDARD = gnu99;
				GCC_DYNAMIC_NO_PIC = NO;
				GCC_NO_COMMON_BLOCKS = YES;
				GCC_OPTIMIZATION_LEVEL = 0;
				GCC_PREPROCESSOR_DEFINITIONS = (
					"DEBUG=1",
					"$(inherited)",
				);
				GCC_WARN_64_TO_32_BIT_CONVERSION = YES;
				GCC_WARN_ABOUT_RETURN_TYPE = YES_ERROR;
				GCC_WARN_UNDECLARED_SELECTOR = YES;
				GCC_WARN_UNINITIALIZED_AUTOS = YES_AGGRESSIVE;
				GCC_WARN_UNUSED_FUNCTION = YES;
				GCC_WARN_UNUSED_VARIABLE = YES;
				IPHONEOS_DEPLOYMENT_TARGET = 10.3;
				MTL_ENABLE_DEBUG_INFO = YES;
				ONLY_ACTIVE_ARCH = YES;
				SDKROOT = iphoneos;
				SWIFT_ACTIVE_COMPILATION_CONDITIONS = DEBUG;
				SWIFT_OPTIMIZATION_LEVEL = "-Onone";
				TARGETED_DEVICE_FAMILY = "1,2";
			};
			name = Debug;
		};
		DBA36F0B1F34591C009D8919 /* Release */ = {
			isa = XCBuildConfiguration;
			buildSettings = {
				ALWAYS_SEARCH_USER_PATHS = NO;
				CLANG_ANALYZER_NONNULL = YES;
				CLANG_ANALYZER_NUMBER_OBJECT_CONVERSION = YES_AGGRESSIVE;
				CLANG_CXX_LANGUAGE_STANDARD = "gnu++0x";
				CLANG_CXX_LIBRARY = "libc++";
				CLANG_ENABLE_MODULES = YES;
				CLANG_ENABLE_OBJC_ARC = YES;
				CLANG_WARN_BOOL_CONVERSION = YES;
				CLANG_WARN_CONSTANT_CONVERSION = YES;
				CLANG_WARN_DIRECT_OBJC_ISA_USAGE = YES_ERROR;
				CLANG_WARN_DOCUMENTATION_COMMENTS = YES;
				CLANG_WARN_EMPTY_BODY = YES;
				CLANG_WARN_ENUM_CONVERSION = YES;
				CLANG_WARN_INFINITE_RECURSION = YES;
				CLANG_WARN_INT_CONVERSION = YES;
				CLANG_WARN_OBJC_ROOT_CLASS = YES_ERROR;
				CLANG_WARN_SUSPICIOUS_MOVE = YES;
				CLANG_WARN_UNREACHABLE_CODE = YES;
				CLANG_WARN__DUPLICATE_METHOD_MATCH = YES;
				"CODE_SIGN_IDENTITY[sdk=iphoneos*]" = "iPhone Developer";
				COPY_PHASE_STRIP = NO;
				DEBUG_INFORMATION_FORMAT = "dwarf-with-dsym";
				ENABLE_NS_ASSERTIONS = NO;
				ENABLE_STRICT_OBJC_MSGSEND = YES;
				GCC_C_LANGUAGE_STANDARD = gnu99;
				GCC_NO_COMMON_BLOCKS = YES;
				GCC_WARN_64_TO_32_BIT_CONVERSION = YES;
				GCC_WARN_ABOUT_RETURN_TYPE = YES_ERROR;
				GCC_WARN_UNDECLARED_SELECTOR = YES;
				GCC_WARN_UNINITIALIZED_AUTOS = YES_AGGRESSIVE;
				GCC_WARN_UNUSED_FUNCTION = YES;
				GCC_WARN_UNUSED_VARIABLE = YES;
				IPHONEOS_DEPLOYMENT_TARGET = 10.3;
				MTL_ENABLE_DEBUG_INFO = NO;
				SDKROOT = iphoneos;
				SWIFT_OPTIMIZATION_LEVEL = "-Owholemodule";
				TARGETED_DEVICE_FAMILY = "1,2";
				VALIDATE_PRODUCT = YES;
			};
			name = Release;
		};
		DBA36F0D1F34591C009D8919 /* Debug */ = {
			isa = XCBuildConfiguration;
			baseConfigurationReference = A29EA0646476AC5824FC723B /* Pods-YjiChatBubble.debug.xcconfig */;
			buildSettings = {
				ASSETCATALOG_COMPILER_APPICON_NAME = AppIcon;
				DEVELOPMENT_TEAM = FB7WTB4847;
				INFOPLIST_FILE = YjiChatBubble/Info.plist;
				LD_RUNPATH_SEARCH_PATHS = "$(inherited) @executable_path/Frameworks";
				PRODUCT_BUNDLE_IDENTIFIER = com.ericji.YjiChatBubble;
				PRODUCT_NAME = "$(TARGET_NAME)";
				SWIFT_VERSION = 3.0;
			};
			name = Debug;
		};
		DBA36F0E1F34591C009D8919 /* Release */ = {
			isa = XCBuildConfiguration;
			baseConfigurationReference = 86F0CD89B11AAD44935FDBF8 /* Pods-YjiChatBubble.release.xcconfig */;
			buildSettings = {
				ASSETCATALOG_COMPILER_APPICON_NAME = AppIcon;
				DEVELOPMENT_TEAM = FB7WTB4847;
				INFOPLIST_FILE = YjiChatBubble/Info.plist;
				LD_RUNPATH_SEARCH_PATHS = "$(inherited) @executable_path/Frameworks";
				PRODUCT_BUNDLE_IDENTIFIER = com.ericji.YjiChatBubble;
				PRODUCT_NAME = "$(TARGET_NAME)";
				SWIFT_VERSION = 3.0;
			};
			name = Release;
		};
/* End XCBuildConfiguration section */

/* Begin XCConfigurationList section */
		DBA36EF51F34591C009D8919 /* Build configuration list for PBXProject "YjiChatBubble" */ = {
			isa = XCConfigurationList;
			buildConfigurations = (
				DBA36F0A1F34591C009D8919 /* Debug */,
				DBA36F0B1F34591C009D8919 /* Release */,
			);
			defaultConfigurationIsVisible = 0;
			defaultConfigurationName = Release;
		};
		DBA36F0C1F34591C009D8919 /* Build configuration list for PBXNativeTarget "YjiChatBubble" */ = {
			isa = XCConfigurationList;
			buildConfigurations = (
				DBA36F0D1F34591C009D8919 /* Debug */,
				DBA36F0E1F34591C009D8919 /* Release */,
			);
			defaultConfigurationIsVisible = 0;
			defaultConfigurationName = Release;
		};
/* End XCConfigurationList section */
	};
	rootObject = DBA36EF21F34591C009D8919 /* Project object */;
}
