// !$*UTF8*$!
{
	archiveVersion = 1;
	classes = {
	};
	objectVersion = 50;
	objects = {

/* Begin PBXBuildFile section */
		8744A600239E797F003082E1 /* MessageCell.swift in Sources */ = {isa = PBXBuildFile; fileRef = 8744A5FB239E797F003082E1 /* MessageCell.swift */; };
		8744A601239E797F003082E1 /* BubbleView.swift in Sources */ = {isa = PBXBuildFile; fileRef = 8744A5FC239E797F003082E1 /* BubbleView.swift */; };
		8744A602239E797F003082E1 /* ChatSentView.swift in Sources */ = {isa = PBXBuildFile; fileRef = 8744A5FE239E797F003082E1 /* ChatSentView.swift */; };
		8744A603239E797F003082E1 /* ChatEditView.swift in Sources */ = {isa = PBXBuildFile; fileRef = 8744A5FF239E797F003082E1 /* ChatEditView.swift */; };
		8744A606239E79EE003082E1 /* Message.swift in Sources */ = {isa = PBXBuildFile; fileRef = 8744A605239E79EE003082E1 /* Message.swift */; };
		8744A60C239E7CBF003082E1 /* StringEx.swift in Sources */ = {isa = PBXBuildFile; fileRef = 8744A608239E7CBF003082E1 /* StringEx.swift */; };
		8744A60D239E7CBF003082E1 /* DateEx.swift in Sources */ = {isa = PBXBuildFile; fileRef = 8744A609239E7CBF003082E1 /* DateEx.swift */; };
		8744A60E239E7CBF003082E1 /* UIImageEx.swift in Sources */ = {isa = PBXBuildFile; fileRef = 8744A60A239E7CBF003082E1 /* UIImageEx.swift */; };
		87FB32CD239E638300D31187 /* AppDelegate.swift in Sources */ = {isa = PBXBuildFile; fileRef = 87FB32CC239E638300D31187 /* AppDelegate.swift */; };
		87FB32CF239E638300D31187 /* SceneDelegate.swift in Sources */ = {isa = PBXBuildFile; fileRef = 87FB32CE239E638300D31187 /* SceneDelegate.swift */; };
		87FB32D1239E638300D31187 /* ViewController.swift in Sources */ = {isa = PBXBuildFile; fileRef = 87FB32D0239E638300D31187 /* ViewController.swift */; };
		87FB32E8239E63F100D31187 /* Assets.xcassets in Resources */ = {isa = PBXBuildFile; fileRef = 87FB32E2239E63F100D31187 /* Assets.xcassets */; };
		87FB32E9239E63F100D31187 /* LaunchScreen.storyboard in Resources */ = {isa = PBXBuildFile; fileRef = 87FB32E3239E63F100D31187 /* LaunchScreen.storyboard */; };
		87FB32EA239E63F100D31187 /* Main.storyboard in Resources */ = {isa = PBXBuildFile; fileRef = 87FB32E5239E63F100D31187 /* Main.storyboard */; };
/* End PBXBuildFile section */

/* Begin PBXFileReference section */
		8744A5FB239E797F003082E1 /* MessageCell.swift */ = {isa = PBXFileReference; fileEncoding = 4; lastKnownFileType = sourcecode.swift; path = MessageCell.swift; sourceTree = "<group>"; };
		8744A5FC239E797F003082E1 /* BubbleView.swift */ = {isa = PBXFileReference; fileEncoding = 4; lastKnownFileType = sourcecode.swift; path = BubbleView.swift; sourceTree = "<group>"; };
		8744A5FE239E797F003082E1 /* ChatSentView.swift */ = {isa = PBXFileReference; fileEncoding = 4; lastKnownFileType = sourcecode.swift; path = ChatSentView.swift; sourceTree = "<group>"; };
		8744A5FF239E797F003082E1 /* ChatEditView.swift */ = {isa = PBXFileReference; fileEncoding = 4; lastKnownFileType = sourcecode.swift; path = ChatEditView.swift; sourceTree = "<group>"; };
		8744A605239E79EE003082E1 /* Message.swift */ = {isa = PBXFileReference; lastKnownFileType = sourcecode.swift; path = Message.swift; sourceTree = "<group>"; };
		8744A608239E7CBF003082E1 /* StringEx.swift */ = {isa = PBXFileReference; fileEncoding = 4; lastKnownFileType = sourcecode.swift; path = StringEx.swift; sourceTree = "<group>"; };
		8744A609239E7CBF003082E1 /* DateEx.swift */ = {isa = PBXFileReference; fileEncoding = 4; lastKnownFileType = sourcecode.swift; path = DateEx.swift; sourceTree = "<group>"; };
		8744A60A239E7CBF003082E1 /* UIImageEx.swift */ = {isa = PBXFileReference; fileEncoding = 4; lastKnownFileType = sourcecode.swift; path = UIImageEx.swift; sourceTree = "<group>"; };
		87FB32C9239E638300D31187 /* ChatBubble.app */ = {isa = PBXFileReference; explicitFileType = wrapper.application; includeInIndex = 0; path = ChatBubble.app; sourceTree = BUILT_PRODUCTS_DIR; };
		87FB32CC239E638300D31187 /* AppDelegate.swift */ = {isa = PBXFileReference; lastKnownFileType = sourcecode.swift; path = AppDelegate.swift; sourceTree = "<group>"; };
		87FB32CE239E638300D31187 /* SceneDelegate.swift */ = {isa = PBXFileReference; lastKnownFileType = sourcecode.swift; path = SceneDelegate.swift; sourceTree = "<group>"; };
		87FB32D0239E638300D31187 /* ViewController.swift */ = {isa = PBXFileReference; lastKnownFileType = sourcecode.swift; path = ViewController.swift; sourceTree = "<group>"; };
		87FB32E2239E63F100D31187 /* Assets.xcassets */ = {isa = PBXFileReference; lastKnownFileType = folder.assetcatalog; path = Assets.xcassets; sourceTree = "<group>"; };
		87FB32E4239E63F100D31187 /* Base */ = {isa = PBXFileReference; lastKnownFileType = file.storyboard; name = Base; path = Base.lproj/LaunchScreen.storyboard; sourceTree = "<group>"; };
		87FB32E6239E63F100D31187 /* Base */ = {isa = PBXFileReference; lastKnownFileType = file.storyboard; name = Base; path = Base.lproj/Main.storyboard; sourceTree = "<group>"; };
		87FB32E7239E63F100D31187 /* Info.plist */ = {isa = PBXFileReference; fileEncoding = 4; lastKnownFileType = text.plist.xml; path = Info.plist; sourceTree = "<group>"; };
/* End PBXFileReference section */

/* Begin PBXFrameworksBuildPhase section */
		87FB32C6239E638300D31187 /* Frameworks */ = {
			isa = PBXFrameworksBuildPhase;
			buildActionMask = 2147483647;
			files = (
			);
			runOnlyForDeploymentPostprocessing = 0;
		};
/* End PBXFrameworksBuildPhase section */

/* Begin PBXGroup section */
		8744A5E9239E780A003082E1 /* View */ = {
			isa = PBXGroup;
			children = (
				8744A5FA239E797F003082E1 /* ChatBubbles */,
				8744A5FD239E797F003082E1 /* ChatInput */,
			);
			path = View;
			sourceTree = "<group>";
		};
		8744A5FA239E797F003082E1 /* ChatBubbles */ = {
			isa = PBXGroup;
			children = (
				8744A5FB239E797F003082E1 /* MessageCell.swift */,
				8744A5FC239E797F003082E1 /* BubbleView.swift */,
			);
			path = ChatBubbles;
			sourceTree = "<group>";
		};
		8744A5FD239E797F003082E1 /* ChatInput */ = {
			isa = PBXGroup;
			children = (
				8744A5FE239E797F003082E1 /* ChatSentView.swift */,
				8744A5FF239E797F003082E1 /* ChatEditView.swift */,
			);
			path = ChatInput;
			sourceTree = "<group>";
		};
		8744A604239E79DB003082E1 /* Model */ = {
			isa = PBXGroup;
			children = (
				8744A605239E79EE003082E1 /* Message.swift */,
			);
			path = Model;
			sourceTree = "<group>";
		};
		8744A607239E7C85003082E1 /* Extension */ = {
			isa = PBXGroup;
			children = (
				8744A609239E7CBF003082E1 /* DateEx.swift */,
				8744A608239E7CBF003082E1 /* StringEx.swift */,
				8744A60A239E7CBF003082E1 /* UIImageEx.swift */,
			);
			path = Extension;
			sourceTree = "<group>";
		};
		87FB32C0239E638300D31187 = {
			isa = PBXGroup;
			children = (
				87FB32CB239E638300D31187 /* ChatBubble */,
				87FB32CA239E638300D31187 /* Products */,
			);
			sourceTree = "<group>";
		};
		87FB32CA239E638300D31187 /* Products */ = {
			isa = PBXGroup;
			children = (
				87FB32C9239E638300D31187 /* ChatBubble.app */,
			);
			name = Products;
			sourceTree = "<group>";
		};
		87FB32CB239E638300D31187 /* ChatBubble */ = {
			isa = PBXGroup;
			children = (
				8744A607239E7C85003082E1 /* Extension */,
				8744A604239E79DB003082E1 /* Model */,
				8744A5E9239E780A003082E1 /* View */,
				87FB32CC239E638300D31187 /* AppDelegate.swift */,
				87FB32CE239E638300D31187 /* SceneDelegate.swift */,
				87FB32D0239E638300D31187 /* ViewController.swift */,
				87FB32E1239E63F100D31187 /* Resource */,
			);
			path = ChatBubble;
			sourceTree = "<group>";
		};
		87FB32E1239E63F100D31187 /* Resource */ = {
			isa = PBXGroup;
			children = (
				87FB32E2239E63F100D31187 /* Assets.xcassets */,
				87FB32E3239E63F100D31187 /* LaunchScreen.storyboard */,
				87FB32E5239E63F100D31187 /* Main.storyboard */,
				87FB32E7239E63F100D31187 /* Info.plist */,
			);
			path = Resource;
			sourceTree = "<group>";
		};
/* End PBXGroup section */

/* Begin PBXNativeTarget section */
		87FB32C8239E638300D31187 /* ChatBubble */ = {
			isa = PBXNativeTarget;
			buildConfigurationList = 87FB32DD239E638400D31187 /* Build configuration list for PBXNativeTarget "ChatBubble" */;
			buildPhases = (
				87FB32C5239E638300D31187 /* Sources */,
				87FB32C6239E638300D31187 /* Frameworks */,
				87FB32C7239E638300D31187 /* Resources */,
			);
			buildRules = (
			);
			dependencies = (
			);
			name = ChatBubble;
			productName = ChatBubble;
			productReference = 87FB32C9239E638300D31187 /* ChatBubble.app */;
			productType = "com.apple.product-type.application";
		};
/* End PBXNativeTarget section */

/* Begin PBXProject section */
		87FB32C1239E638300D31187 /* Project object */ = {
			isa = PBXProject;
			attributes = {
				LastSwiftUpdateCheck = 1120;
				LastUpgradeCheck = 1120;
				ORGANIZATIONNAME = ericji;
				TargetAttributes = {
					87FB32C8239E638300D31187 = {
						CreatedOnToolsVersion = 11.2.1;
					};
				};
			};
			buildConfigurationList = 87FB32C4239E638300D31187 /* Build configuration list for PBXProject "ChatBubble" */;
			compatibilityVersion = "Xcode 9.3";
			developmentRegion = en;
			hasScannedForEncodings = 0;
			knownRegions = (
				en,
				Base,
			);
			mainGroup = 87FB32C0239E638300D31187;
			productRefGroup = 87FB32CA239E638300D31187 /* Products */;
			projectDirPath = "";
			projectRoot = "";
			targets = (
				87FB32C8239E638300D31187 /* ChatBubble */,
			);
		};
/* End PBXProject section */

/* Begin PBXResourcesBuildPhase section */
		87FB32C7239E638300D31187 /* Resources */ = {
			isa = PBXResourcesBuildPhase;
			buildActionMask = 2147483647;
			files = (
				87FB32EA239E63F100D31187 /* Main.storyboard in Resources */,
				87FB32E8239E63F100D31187 /* Assets.xcassets in Resources */,
				87FB32E9239E63F100D31187 /* LaunchScreen.storyboard in Resources */,
			);
			runOnlyForDeploymentPostprocessing = 0;
		};
/* End PBXResourcesBuildPhase section */

/* Begin PBXSourcesBuildPhase section */
		87FB32C5239E638300D31187 /* Sources */ = {
			isa = PBXSourcesBuildPhase;
			buildActionMask = 2147483647;
			files = (
				8744A601239E797F003082E1 /* BubbleView.swift in Sources */,
				87FB32D1239E638300D31187 /* ViewController.swift in Sources */,
				8744A600239E797F003082E1 /* MessageCell.swift in Sources */,
				8744A60C239E7CBF003082E1 /* StringEx.swift in Sources */,
				87FB32CD239E638300D31187 /* AppDelegate.swift in Sources */,
				8744A602239E797F003082E1 /* ChatSentView.swift in Sources */,
				8744A60D239E7CBF003082E1 /* DateEx.swift in Sources */,
				8744A606239E79EE003082E1 /* Message.swift in Sources */,
				87FB32CF239E638300D31187 /* SceneDelegate.swift in Sources */,
				8744A60E239E7CBF003082E1 /* UIImageEx.swift in Sources */,
				8744A603239E797F003082E1 /* ChatEditView.swift in Sources */,
			);
			runOnlyForDeploymentPostprocessing = 0;
		};
/* End PBXSourcesBuildPhase section */

/* Begin PBXVariantGroup section */
		87FB32E3239E63F100D31187 /* LaunchScreen.storyboard */ = {
			isa = PBXVariantGroup;
			children = (
				87FB32E4239E63F100D31187 /* Base */,
			);
			name = LaunchScreen.storyboard;
			sourceTree = "<group>";
		};
		87FB32E5239E63F100D31187 /* Main.storyboard */ = {
			isa = PBXVariantGroup;
			children = (
				87FB32E6239E63F100D31187 /* Base */,
			);
			name = Main.storyboard;
			sourceTree = "<group>";
		};
/* End PBXVariantGroup section */

/* Begin XCBuildConfiguration section */
		87FB32DB239E638400D31187 /* Debug */ = {
			isa = XCBuildConfiguration;
			buildSettings = {
				ALWAYS_SEARCH_USER_PATHS = NO;
				CLANG_ANALYZER_NONNULL = YES;
				CLANG_ANALYZER_NUMBER_OBJECT_CONVERSION = YES_AGGRESSIVE;
				CLANG_CXX_LANGUAGE_STANDARD = "gnu++14";
				CLANG_CXX_LIBRARY = "libc++";
				CLANG_ENABLE_MODULES = YES;
				CLANG_ENABLE_OBJC_ARC = YES;
				CLANG_ENABLE_OBJC_WEAK = YES;
				CLANG_WARN_BLOCK_CAPTURE_AUTORELEASING = YES;
				CLANG_WARN_BOOL_CONVERSION = YES;
				CLANG_WARN_COMMA = YES;
				CLANG_WARN_CONSTANT_CONVERSION = YES;
				CLANG_WARN_DEPRECATED_OBJC_IMPLEMENTATIONS = YES;
				CLANG_WARN_DIRECT_OBJC_ISA_USAGE = YES_ERROR;
				CLANG_WARN_DOCUMENTATION_COMMENTS = YES;
				CLANG_WARN_EMPTY_BODY = YES;
				CLANG_WARN_ENUM_CONVERSION = YES;
				CLANG_WARN_INFINITE_RECURSION = YES;
				CLANG_WARN_INT_CONVERSION = YES;
				CLANG_WARN_NON_LITERAL_NULL_CONVERSION = YES;
				CLANG_WARN_OBJC_IMPLICIT_RETAIN_SELF = YES;
				CLANG_WARN_OBJC_LITERAL_CONVERSION = YES;
				CLANG_WARN_OBJC_ROOT_CLASS = YES_ERROR;
				CLANG_WARN_RANGE_LOOP_ANALYSIS = YES;
				CLANG_WARN_STRICT_PROTOTYPES = YES;
				CLANG_WARN_SUSPICIOUS_MOVE = YES;
				CLANG_WARN_UNGUARDED_AVAILABILITY = YES_AGGRESSIVE;
				CLANG_WARN_UNREACHABLE_CODE = YES;
				CLANG_WARN__DUPLICATE_METHOD_MATCH = YES;
				COPY_PHASE_STRIP = NO;
				DEBUG_INFORMATION_FORMAT = dwarf;
				ENABLE_STRICT_OBJC_MSGSEND = YES;
				ENABLE_TESTABILITY = YES;
				GCC_C_LANGUAGE_STANDARD = gnu11;
				GCC_DYNAMIC_NO_PIC = NO;
				GCC_NO_COMMON_BLOCKS = YES;
				GCC_OPTIMIZATION_LEVEL = 0;
				GCC_PREPROCESSOR_DEFINITIONS = (
					"DEBUG=1",
					"$(inherited)",
				);
				GCC_WARN_64_TO_32_BIT_CONVERSION = YES;
				GCC_WARN_ABOUT_RETURN_TYPE = YES_ERROR;
				GCC_WARN_UNDECLARED_SELECTOR = YES;
				GCC_WARN_UNINITIALIZED_AUTOS = YES_AGGRESSIVE;
				GCC_WARN_UNUSED_FUNCTION = YES;
				GCC_WARN_UNUSED_VARIABLE = YES;
				IPHONEOS_DEPLOYMENT_TARGET = 13.2;
				MTL_ENABLE_DEBUG_INFO = INCLUDE_SOURCE;
				MTL_FAST_MATH = YES;
				ONLY_ACTIVE_ARCH = YES;
				SDKROOT = iphoneos;
				SWIFT_ACTIVE_COMPILATION_CONDITIONS = DEBUG;
				SWIFT_OPTIMIZATION_LEVEL = "-Onone";
			};
			name = Debug;
		};
		87FB32DC239E638400D31187 /* Release */ = {
			isa = XCBuildConfiguration;
			buildSettings = {
				ALWAYS_SEARCH_USER_PATHS = NO;
				CLANG_ANALYZER_NONNULL = YES;
				CLANG_ANALYZER_NUMBER_OBJECT_CONVERSION = YES_AGGRESSIVE;
				CLANG_CXX_LANGUAGE_STANDARD = "gnu++14";
				CLANG_CXX_LIBRARY = "libc++";
				CLANG_ENABLE_MODULES = YES;
				CLANG_ENABLE_OBJC_ARC = YES;
				CLANG_ENABLE_OBJC_WEAK = YES;
				CLANG_WARN_BLOCK_CAPTURE_AUTORELEASING = YES;
				CLANG_WARN_BOOL_CONVERSION = YES;
				CLANG_WARN_COMMA = YES;
				CLANG_WARN_CONSTANT_CONVERSION = YES;
				CLANG_WARN_DEPRECATED_OBJC_IMPLEMENTATIONS = YES;
				CLANG_WARN_DIRECT_OBJC_ISA_USAGE = YES_ERROR;
				CLANG_WARN_DOCUMENTATION_COMMENTS = YES;
				CLANG_WARN_EMPTY_BODY = YES;
				CLANG_WARN_ENUM_CONVERSION = YES;
				CLANG_WARN_INFINITE_RECURSION = YES;
				CLANG_WARN_INT_CONVERSION = YES;
				CLANG_WARN_NON_LITERAL_NULL_CONVERSION = YES;
				CLANG_WARN_OBJC_IMPLICIT_RETAIN_SELF = YES;
				CLANG_WARN_OBJC_LITERAL_CONVERSION = YES;
				CLANG_WARN_OBJC_ROOT_CLASS = YES_ERROR;
				CLANG_WARN_RANGE_LOOP_ANALYSIS = YES;
				CLANG_WARN_STRICT_PROTOTYPES = YES;
				CLANG_WARN_SUSPICIOUS_MOVE = YES;
				CLANG_WARN_UNGUARDED_AVAILABILITY = YES_AGGRESSIVE;
				CLANG_WARN_UNREACHABLE_CODE = YES;
				CLANG_WARN__DUPLICATE_METHOD_MATCH = YES;
				COPY_PHASE_STRIP = NO;
				DEBUG_INFORMATION_FORMAT = "dwarf-with-dsym";
				ENABLE_NS_ASSERTIONS = NO;
				ENABLE_STRICT_OBJC_MSGSEND = YES;
				GCC_C_LANGUAGE_STANDARD = gnu11;
				GCC_NO_COMMON_BLOCKS = YES;
				GCC_WARN_64_TO_32_BIT_CONVERSION = YES;
				GCC_WARN_ABOUT_RETURN_TYPE = YES_ERROR;
				GCC_WARN_UNDECLARED_SELECTOR = YES;
				GCC_WARN_UNINITIALIZED_AUTOS = YES_AGGRESSIVE;
				GCC_WARN_UNUSED_FUNCTION = YES;
				GCC_WARN_UNUSED_VARIABLE = YES;
				IPHONEOS_DEPLOYMENT_TARGET = 13.2;
				MTL_ENABLE_DEBUG_INFO = NO;
				MTL_FAST_MATH = YES;
				SDKROOT = iphoneos;
				SWIFT_COMPILATION_MODE = wholemodule;
				SWIFT_OPTIMIZATION_LEVEL = "-O";
				VALIDATE_PRODUCT = YES;
			};
			name = Release;
		};
		87FB32DE239E638400D31187 /* Debug */ = {
			isa = XCBuildConfiguration;
			buildSettings = {
				ASSETCATALOG_COMPILER_APPICON_NAME = AppIcon;
				CODE_SIGN_STYLE = Automatic;
				INFOPLIST_FILE = "$(SRCROOT)/ChatBubble/Resource/Info.plist";
				IPHONEOS_DEPLOYMENT_TARGET = 13.2;
				LD_RUNPATH_SEARCH_PATHS = (
					"$(inherited)",
					"@executable_path/Frameworks",
				);
				PRODUCT_BUNDLE_IDENTIFIER = com.ericji.ChatBubble;
				PRODUCT_NAME = "$(TARGET_NAME)";
				SWIFT_VERSION = 5.0;
				TARGETED_DEVICE_FAMILY = "1,2";
			};
			name = Debug;
		};
		87FB32DF239E638400D31187 /* Release */ = {
			isa = XCBuildConfiguration;
			buildSettings = {
				ASSETCATALOG_COMPILER_APPICON_NAME = AppIcon;
				CODE_SIGN_STYLE = Automatic;
				INFOPLIST_FILE = "$(SRCROOT)/ChatBubble/Resource/Info.plist";
				IPHONEOS_DEPLOYMENT_TARGET = 13.2;
				LD_RUNPATH_SEARCH_PATHS = (
					"$(inherited)",
					"@executable_path/Frameworks",
				);
				PRODUCT_BUNDLE_IDENTIFIER = com.ericji.ChatBubble;
				PRODUCT_NAME = "$(TARGET_NAME)";
				SWIFT_VERSION = 5.0;
				TARGETED_DEVICE_FAMILY = "1,2";
			};
			name = Release;
		};
/* End XCBuildConfiguration section */

/* Begin XCConfigurationList section */
		87FB32C4239E638300D31187 /* Build configuration list for PBXProject "ChatBubble" */ = {
			isa = XCConfigurationList;
			buildConfigurations = (
				87FB32DB239E638400D31187 /* Debug */,
				87FB32DC239E638400D31187 /* Release */,
			);
			defaultConfigurationIsVisible = 0;
			defaultConfigurationName = Release;
		};
		87FB32DD239E638400D31187 /* Build configuration list for PBXNativeTarget "ChatBubble" */ = {
			isa = XCConfigurationList;
			buildConfigurations = (
				87FB32DE239E638400D31187 /* Debug */,
				87FB32DF239E638400D31187 /* Release */,
			);
			defaultConfigurationIsVisible = 0;
			defaultConfigurationName = Release;
		};
/* End XCConfigurationList section */
	};
	rootObject = 87FB32C1239E638300D31187 /* Project object */;
}
